// !$*UTF8*$!
{
	archiveVersion = 1;
	classes = {
	};
	objectVersion = 46;
	objects = {

/* Begin PBXBuildFile section */
		A736514C15BC0235001D6890 /* twitter-bird-white-on-blue.png in Resources */ = {isa = PBXBuildFile; fileRef = A736514B15BC0235001D6890 /* twitter-bird-white-on-blue.png */; };
		A736515115BC048E001D6890 /* TextDetailViewController.m in Sources */ = {isa = PBXBuildFile; fileRef = A736515015BC048E001D6890 /* TextDetailViewController.m */; };
		A741A08315BC8287003CEFD0 /* Default.png in Resources */ = {isa = PBXBuildFile; fileRef = A741A08115BC81F6003CEFD0 /* Default.png */; };
		A741A08515BC8291003CEFD0 /* Default@2x.png in Resources */ = {isa = PBXBuildFile; fileRef = A741A08415BC8291003CEFD0 /* Default@2x.png */; };
		A75B8D8E15BB3143005D9719 /* UIKit.framework in Frameworks */ = {isa = PBXBuildFile; fileRef = A75B8D8D15BB3143005D9719 /* UIKit.framework */; };
		A75B8D9015BB3143005D9719 /* Foundation.framework in Frameworks */ = {isa = PBXBuildFile; fileRef = A75B8D8F15BB3143005D9719 /* Foundation.framework */; };
		A75B8D9215BB3143005D9719 /* CoreGraphics.framework in Frameworks */ = {isa = PBXBuildFile; fileRef = A75B8D9115BB3143005D9719 /* CoreGraphics.framework */; };
		A75B8D9415BB3143005D9719 /* CoreData.framework in Frameworks */ = {isa = PBXBuildFile; fileRef = A75B8D9315BB3143005D9719 /* CoreData.framework */; };
		A75B8D9A15BB3143005D9719 /* InfoPlist.strings in Resources */ = {isa = PBXBuildFile; fileRef = A75B8D9815BB3143005D9719 /* InfoPlist.strings */; };
		A75B8D9C15BB3143005D9719 /* main.m in Sources */ = {isa = PBXBuildFile; fileRef = A75B8D9B15BB3143005D9719 /* main.m */; };
		A75B8DA015BB3143005D9719 /* AppDelegate.m in Sources */ = {isa = PBXBuildFile; fileRef = A75B8D9F15BB3143005D9719 /* AppDelegate.m */; };
		A75B8DA315BB3143005D9719 /* MainStoryboard.storyboard in Resources */ = {isa = PBXBuildFile; fileRef = A75B8DA115BB3143005D9719 /* MainStoryboard.storyboard */; };
		A75B8DA615BB3143005D9719 /* iosdevcamp2012.xcdatamodeld in Sources */ = {isa = PBXBuildFile; fileRef = A75B8DA415BB3143005D9719 /* iosdevcamp2012.xcdatamodeld */; };
		A75B8DA915BB3143005D9719 /* MainViewController.m in Sources */ = {isa = PBXBuildFile; fileRef = A75B8DA815BB3143005D9719 /* MainViewController.m */; };
		A75B8DAC15BB3143005D9719 /* FlipsideViewController.m in Sources */ = {isa = PBXBuildFile; fileRef = A75B8DAB15BB3143005D9719 /* FlipsideViewController.m */; };
		A75B8DB415BB3143005D9719 /* SenTestingKit.framework in Frameworks */ = {isa = PBXBuildFile; fileRef = A75B8DB315BB3143005D9719 /* SenTestingKit.framework */; };
		A75B8DB515BB3143005D9719 /* UIKit.framework in Frameworks */ = {isa = PBXBuildFile; fileRef = A75B8D8D15BB3143005D9719 /* UIKit.framework */; };
		A75B8DB615BB3143005D9719 /* Foundation.framework in Frameworks */ = {isa = PBXBuildFile; fileRef = A75B8D8F15BB3143005D9719 /* Foundation.framework */; };
		A75B8DB715BB3143005D9719 /* CoreData.framework in Frameworks */ = {isa = PBXBuildFile; fileRef = A75B8D9315BB3143005D9719 /* CoreData.framework */; };
		A75B8DBF15BB3143005D9719 /* InfoPlist.strings in Resources */ = {isa = PBXBuildFile; fileRef = A75B8DBD15BB3143005D9719 /* InfoPlist.strings */; };
		A75B8DC215BB3143005D9719 /* iosdevcamp2012Tests.m in Sources */ = {isa = PBXBuildFile; fileRef = A75B8DC115BB3143005D9719 /* iosdevcamp2012Tests.m */; };
		A77A768F15BB879A00A8D57E /* SystemConfiguration.framework in Frameworks */ = {isa = PBXBuildFile; fileRef = A77A768E15BB879A00A8D57E /* SystemConfiguration.framework */; };
		A77A769215BB87A000A8D57E /* Security.framework in Frameworks */ = {isa = PBXBuildFile; fileRef = A77A769115BB87A000A8D57E /* Security.framework */; };
		A7B5ABA415BB99AE007878B6 /* GTMHTTPFetcher.m in Sources */ = {isa = PBXBuildFile; fileRef = A7B5AB9C15BB99AE007878B6 /* GTMHTTPFetcher.m */; settings = {COMPILER_FLAGS = "-fno-objc-arc"; }; };
		A7B5ABA515BB99AE007878B6 /* GTMOAuth2Authentication.m in Sources */ = {isa = PBXBuildFile; fileRef = A7B5AB9E15BB99AE007878B6 /* GTMOAuth2Authentication.m */; settings = {COMPILER_FLAGS = "-fno-objc-arc"; }; };
		A7B5ABA615BB99AE007878B6 /* GTMOAuth2SignIn.m in Sources */ = {isa = PBXBuildFile; fileRef = A7B5ABA015BB99AE007878B6 /* GTMOAuth2SignIn.m */; settings = {COMPILER_FLAGS = "-fno-objc-arc"; }; };
		A7B5ABA715BB99AE007878B6 /* GTMOAuth2ViewControllerTouch.m in Sources */ = {isa = PBXBuildFile; fileRef = A7B5ABA215BB99AE007878B6 /* GTMOAuth2ViewControllerTouch.m */; settings = {COMPILER_FLAGS = "-fno-objc-arc"; }; };
		A7B5ABA815BB99AE007878B6 /* GTMOAuth2ViewTouch.xib in Resources */ = {isa = PBXBuildFile; fileRef = A7B5ABA315BB99AE007878B6 /* GTMOAuth2ViewTouch.xib */; };
		A7B5ABB915BB9F5A007878B6 /* TextTableViewController.m in Sources */ = {isa = PBXBuildFile; fileRef = A7B5ABB815BB9F5A007878B6 /* TextTableViewController.m */; };
		A7B7179015BC6BB400294E15 /* Icon.png in Resources */ = {isa = PBXBuildFile; fileRef = A7B7178F15BC6BB400294E15 /* Icon.png */; };
		A7B7179215BC6BBF00294E15 /* Icon@2x.png in Resources */ = {isa = PBXBuildFile; fileRef = A7B7179115BC6BBF00294E15 /* Icon@2x.png */; };
		A7FCCAB715BBD2B800E248D5 /* Session.m in Sources */ = {isa = PBXBuildFile; fileRef = A7FCCAB615BBD2B800E248D5 /* Session.m */; };
		A7FCCABB15BBD2C700E248D5 /* TextEntry.m in Sources */ = {isa = PBXBuildFile; fileRef = A7FCCABA15BBD2C700E248D5 /* TextEntry.m */; };
		D88F90DB15BBDC9C008936F2 /* MediaPlayer.framework in Frameworks */ = {isa = PBXBuildFile; fileRef = D88F90DA15BBDC9C008936F2 /* MediaPlayer.framework */; };
		D88F911615BBE2B3008936F2 /* liblept.a in Frameworks */ = {isa = PBXBuildFile; fileRef = D88F911415BBE2B3008936F2 /* liblept.a */; };
		D88F911715BBE2B3008936F2 /* liblept.a in Frameworks */ = {isa = PBXBuildFile; fileRef = D88F911415BBE2B3008936F2 /* liblept.a */; };
		D88F911815BBE2B3008936F2 /* libtesseract_all.a in Frameworks */ = {isa = PBXBuildFile; fileRef = D88F911515BBE2B3008936F2 /* libtesseract_all.a */; };
		D88F911915BBE2B3008936F2 /* libtesseract_all.a in Frameworks */ = {isa = PBXBuildFile; fileRef = D88F911515BBE2B3008936F2 /* libtesseract_all.a */; };
		D88F912715BC01F6008936F2 /* tessdata in Resources */ = {isa = PBXBuildFile; fileRef = D88F912615BC01F6008936F2 /* tessdata */; };
		D88F912815BC01F6008936F2 /* tessdata in Resources */ = {isa = PBXBuildFile; fileRef = D88F912615BC01F6008936F2 /* tessdata */; };
		D8939E9815BB51FB0016AF67 /* CameraController.mm in Sources */ = {isa = PBXBuildFile; fileRef = D8939E9715BB51FB0016AF67 /* CameraController.mm */; };
		D8939E9915BB51FB0016AF67 /* CameraController.mm in Sources */ = {isa = PBXBuildFile; fileRef = D8939E9715BB51FB0016AF67 /* CameraController.mm */; };
		D8939E9B15BB6E530016AF67 /* MobileCoreServices.framework in Frameworks */ = {isa = PBXBuildFile; fileRef = D8939E9A15BB6E530016AF67 /* MobileCoreServices.framework */; };
/* End PBXBuildFile section */

/* Begin PBXContainerItemProxy section */
		A75B8DB815BB3143005D9719 /* PBXContainerItemProxy */ = {
			isa = PBXContainerItemProxy;
			containerPortal = A75B8D8015BB3142005D9719 /* Project object */;
			proxyType = 1;
			remoteGlobalIDString = A75B8D8815BB3143005D9719;
			remoteInfo = iosdevcamp2012;
		};
/* End PBXContainerItemProxy section */

/* Begin PBXFileReference section */
		A736514B15BC0235001D6890 /* twitter-bird-white-on-blue.png */ = {isa = PBXFileReference; lastKnownFileType = image.png; path = "twitter-bird-white-on-blue.png"; sourceTree = "<group>"; };
		A736514F15BC048E001D6890 /* TextDetailViewController.h */ = {isa = PBXFileReference; fileEncoding = 4; lastKnownFileType = sourcecode.c.h; path = TextDetailViewController.h; sourceTree = "<group>"; };
		A736515015BC048E001D6890 /* TextDetailViewController.m */ = {isa = PBXFileReference; fileEncoding = 4; lastKnownFileType = sourcecode.c.objc; path = TextDetailViewController.m; sourceTree = "<group>"; };
		A741A08115BC81F6003CEFD0 /* Default.png */ = {isa = PBXFileReference; lastKnownFileType = image.png; name = Default.png; path = ../Default.png; sourceTree = "<group>"; };
		A741A08415BC8291003CEFD0 /* Default@2x.png */ = {isa = PBXFileReference; lastKnownFileType = image.png; name = "Default@2x.png"; path = "../Default@2x.png"; sourceTree = "<group>"; };
		A75B8D8915BB3143005D9719 /* iosdevcamp2012.app */ = {isa = PBXFileReference; explicitFileType = wrapper.application; includeInIndex = 0; path = iosdevcamp2012.app; sourceTree = BUILT_PRODUCTS_DIR; };
		A75B8D8D15BB3143005D9719 /* UIKit.framework */ = {isa = PBXFileReference; lastKnownFileType = wrapper.framework; name = UIKit.framework; path = System/Library/Frameworks/UIKit.framework; sourceTree = SDKROOT; };
		A75B8D8F15BB3143005D9719 /* Foundation.framework */ = {isa = PBXFileReference; lastKnownFileType = wrapper.framework; name = Foundation.framework; path = System/Library/Frameworks/Foundation.framework; sourceTree = SDKROOT; };
		A75B8D9115BB3143005D9719 /* CoreGraphics.framework */ = {isa = PBXFileReference; lastKnownFileType = wrapper.framework; name = CoreGraphics.framework; path = System/Library/Frameworks/CoreGraphics.framework; sourceTree = SDKROOT; };
		A75B8D9315BB3143005D9719 /* CoreData.framework */ = {isa = PBXFileReference; lastKnownFileType = wrapper.framework; name = CoreData.framework; path = System/Library/Frameworks/CoreData.framework; sourceTree = SDKROOT; };
		A75B8D9715BB3143005D9719 /* iosdevcamp2012-Info.plist */ = {isa = PBXFileReference; lastKnownFileType = text.plist.xml; path = "iosdevcamp2012-Info.plist"; sourceTree = "<group>"; };
		A75B8D9915BB3143005D9719 /* en */ = {isa = PBXFileReference; lastKnownFileType = text.plist.strings; name = en; path = en.lproj/InfoPlist.strings; sourceTree = "<group>"; };
		A75B8D9B15BB3143005D9719 /* main.m */ = {isa = PBXFileReference; lastKnownFileType = sourcecode.c.objc; path = main.m; sourceTree = "<group>"; };
		A75B8D9D15BB3143005D9719 /* iosdevcamp2012-Prefix.pch */ = {isa = PBXFileReference; lastKnownFileType = sourcecode.c.h; path = "iosdevcamp2012-Prefix.pch"; sourceTree = "<group>"; };
		A75B8D9E15BB3143005D9719 /* AppDelegate.h */ = {isa = PBXFileReference; lastKnownFileType = sourcecode.c.h; path = AppDelegate.h; sourceTree = "<group>"; };
		A75B8D9F15BB3143005D9719 /* AppDelegate.m */ = {isa = PBXFileReference; lastKnownFileType = sourcecode.c.objc; path = AppDelegate.m; sourceTree = "<group>"; };
		A75B8DA215BB3143005D9719 /* en */ = {isa = PBXFileReference; lastKnownFileType = file.storyboard; name = en; path = en.lproj/MainStoryboard.storyboard; sourceTree = "<group>"; };
		A75B8DA515BB3143005D9719 /* iosdevcamp2012.xcdatamodel */ = {isa = PBXFileReference; lastKnownFileType = wrapper.xcdatamodel; path = iosdevcamp2012.xcdatamodel; sourceTree = "<group>"; };
		A75B8DA715BB3143005D9719 /* MainViewController.h */ = {isa = PBXFileReference; lastKnownFileType = sourcecode.c.h; path = MainViewController.h; sourceTree = "<group>"; };
		A75B8DA815BB3143005D9719 /* MainViewController.m */ = {isa = PBXFileReference; lastKnownFileType = sourcecode.c.objc; path = MainViewController.m; sourceTree = "<group>"; };
		A75B8DAA15BB3143005D9719 /* FlipsideViewController.h */ = {isa = PBXFileReference; lastKnownFileType = sourcecode.c.h; path = FlipsideViewController.h; sourceTree = "<group>"; };
		A75B8DAB15BB3143005D9719 /* FlipsideViewController.m */ = {isa = PBXFileReference; lastKnownFileType = sourcecode.c.objc; path = FlipsideViewController.m; sourceTree = "<group>"; };
		A75B8DB215BB3143005D9719 /* iosdevcamp2012Tests.octest */ = {isa = PBXFileReference; explicitFileType = wrapper.cfbundle; includeInIndex = 0; path = iosdevcamp2012Tests.octest; sourceTree = BUILT_PRODUCTS_DIR; };
		A75B8DB315BB3143005D9719 /* SenTestingKit.framework */ = {isa = PBXFileReference; lastKnownFileType = wrapper.framework; name = SenTestingKit.framework; path = Library/Frameworks/SenTestingKit.framework; sourceTree = DEVELOPER_DIR; };
		A75B8DBC15BB3143005D9719 /* iosdevcamp2012Tests-Info.plist */ = {isa = PBXFileReference; lastKnownFileType = text.plist.xml; path = "iosdevcamp2012Tests-Info.plist"; sourceTree = "<group>"; };
		A75B8DBE15BB3143005D9719 /* en */ = {isa = PBXFileReference; lastKnownFileType = text.plist.strings; name = en; path = en.lproj/InfoPlist.strings; sourceTree = "<group>"; };
		A75B8DC015BB3143005D9719 /* iosdevcamp2012Tests.h */ = {isa = PBXFileReference; lastKnownFileType = sourcecode.c.h; path = iosdevcamp2012Tests.h; sourceTree = "<group>"; };
		A75B8DC115BB3143005D9719 /* iosdevcamp2012Tests.m */ = {isa = PBXFileReference; lastKnownFileType = sourcecode.c.objc; path = iosdevcamp2012Tests.m; sourceTree = "<group>"; };
		A77A768E15BB879A00A8D57E /* SystemConfiguration.framework */ = {isa = PBXFileReference; lastKnownFileType = wrapper.framework; name = SystemConfiguration.framework; path = System/Library/Frameworks/SystemConfiguration.framework; sourceTree = SDKROOT; };
		A77A769115BB87A000A8D57E /* Security.framework */ = {isa = PBXFileReference; lastKnownFileType = wrapper.framework; name = Security.framework; path = System/Library/Frameworks/Security.framework; sourceTree = SDKROOT; };
		A7B5AB9B15BB99AE007878B6 /* GTMHTTPFetcher.h */ = {isa = PBXFileReference; fileEncoding = 4; lastKnownFileType = sourcecode.c.h; path = GTMHTTPFetcher.h; sourceTree = "<group>"; };
		A7B5AB9C15BB99AE007878B6 /* GTMHTTPFetcher.m */ = {isa = PBXFileReference; fileEncoding = 4; lastKnownFileType = sourcecode.c.objc; path = GTMHTTPFetcher.m; sourceTree = "<group>"; };
		A7B5AB9D15BB99AE007878B6 /* GTMOAuth2Authentication.h */ = {isa = PBXFileReference; fileEncoding = 4; lastKnownFileType = sourcecode.c.h; path = GTMOAuth2Authentication.h; sourceTree = "<group>"; };
		A7B5AB9E15BB99AE007878B6 /* GTMOAuth2Authentication.m */ = {isa = PBXFileReference; fileEncoding = 4; lastKnownFileType = sourcecode.c.objc; path = GTMOAuth2Authentication.m; sourceTree = "<group>"; };
		A7B5AB9F15BB99AE007878B6 /* GTMOAuth2SignIn.h */ = {isa = PBXFileReference; fileEncoding = 4; lastKnownFileType = sourcecode.c.h; path = GTMOAuth2SignIn.h; sourceTree = "<group>"; };
		A7B5ABA015BB99AE007878B6 /* GTMOAuth2SignIn.m */ = {isa = PBXFileReference; fileEncoding = 4; lastKnownFileType = sourcecode.c.objc; path = GTMOAuth2SignIn.m; sourceTree = "<group>"; };
		A7B5ABA115BB99AE007878B6 /* GTMOAuth2ViewControllerTouch.h */ = {isa = PBXFileReference; fileEncoding = 4; lastKnownFileType = sourcecode.c.h; path = GTMOAuth2ViewControllerTouch.h; sourceTree = "<group>"; };
		A7B5ABA215BB99AE007878B6 /* GTMOAuth2ViewControllerTouch.m */ = {isa = PBXFileReference; fileEncoding = 4; lastKnownFileType = sourcecode.c.objc; path = GTMOAuth2ViewControllerTouch.m; sourceTree = "<group>"; };
		A7B5ABA315BB99AE007878B6 /* GTMOAuth2ViewTouch.xib */ = {isa = PBXFileReference; fileEncoding = 4; lastKnownFileType = file.xib; path = GTMOAuth2ViewTouch.xib; sourceTree = "<group>"; };
		A7B5ABB715BB9F5A007878B6 /* TextTableViewController.h */ = {isa = PBXFileReference; fileEncoding = 4; lastKnownFileType = sourcecode.c.h; path = TextTableViewController.h; sourceTree = "<group>"; };
		A7B5ABB815BB9F5A007878B6 /* TextTableViewController.m */ = {isa = PBXFileReference; fileEncoding = 4; lastKnownFileType = sourcecode.c.objc; path = TextTableViewController.m; sourceTree = "<group>"; };
		A7B7178F15BC6BB400294E15 /* Icon.png */ = {isa = PBXFileReference; lastKnownFileType = image.png; name = Icon.png; path = ../Icon.png; sourceTree = "<group>"; };
		A7B7179115BC6BBF00294E15 /* Icon@2x.png */ = {isa = PBXFileReference; lastKnownFileType = image.png; name = "Icon@2x.png"; path = "../Icon@2x.png"; sourceTree = "<group>"; };
		A7FCCAB515BBD2B800E248D5 /* Session.h */ = {isa = PBXFileReference; fileEncoding = 4; lastKnownFileType = sourcecode.c.h; path = Session.h; sourceTree = "<group>"; };
		A7FCCAB615BBD2B800E248D5 /* Session.m */ = {isa = PBXFileReference; fileEncoding = 4; lastKnownFileType = sourcecode.c.objc; path = Session.m; sourceTree = "<group>"; };
		A7FCCAB915BBD2C700E248D5 /* TextEntry.h */ = {isa = PBXFileReference; fileEncoding = 4; lastKnownFileType = sourcecode.c.h; path = TextEntry.h; sourceTree = "<group>"; };
		A7FCCABA15BBD2C700E248D5 /* TextEntry.m */ = {isa = PBXFileReference; fileEncoding = 4; lastKnownFileType = sourcecode.c.objc; path = TextEntry.m; sourceTree = "<group>"; };
		D88F90DA15BBDC9C008936F2 /* MediaPlayer.framework */ = {isa = PBXFileReference; lastKnownFileType = wrapper.framework; name = MediaPlayer.framework; path = System/Library/Frameworks/MediaPlayer.framework; sourceTree = SDKROOT; };
		D88F90E915BBE2B3008936F2 /* allheaders.h */ = {isa = PBXFileReference; fileEncoding = 4; lastKnownFileType = sourcecode.c.h; path = allheaders.h; sourceTree = "<group>"; };
		D88F90EA15BBE2B3008936F2 /* alltypes.h */ = {isa = PBXFileReference; fileEncoding = 4; lastKnownFileType = sourcecode.c.h; path = alltypes.h; sourceTree = "<group>"; };
		D88F90EB15BBE2B3008936F2 /* array.h */ = {isa = PBXFileReference; fileEncoding = 4; lastKnownFileType = sourcecode.c.h; path = array.h; sourceTree = "<group>"; };
		D88F90EC15BBE2B3008936F2 /* arrayaccess.h */ = {isa = PBXFileReference; fileEncoding = 4; lastKnownFileType = sourcecode.c.h; path = arrayaccess.h; sourceTree = "<group>"; };
		D88F90ED15BBE2B3008936F2 /* bbuffer.h */ = {isa = PBXFileReference; fileEncoding = 4; lastKnownFileType = sourcecode.c.h; path = bbuffer.h; sourceTree = "<group>"; };
		D88F90EE15BBE2B3008936F2 /* bmf.h */ = {isa = PBXFileReference; fileEncoding = 4; lastKnownFileType = sourcecode.c.h; path = bmf.h; sourceTree = "<group>"; };
		D88F90EF15BBE2B3008936F2 /* bmp.h */ = {isa = PBXFileReference; fileEncoding = 4; lastKnownFileType = sourcecode.c.h; path = bmp.h; sourceTree = "<group>"; };
		D88F90F015BBE2B3008936F2 /* ccbord.h */ = {isa = PBXFileReference; fileEncoding = 4; lastKnownFileType = sourcecode.c.h; path = ccbord.h; sourceTree = "<group>"; };
		D88F90F115BBE2B3008936F2 /* dewarp.h */ = {isa = PBXFileReference; fileEncoding = 4; lastKnownFileType = sourcecode.c.h; path = dewarp.h; sourceTree = "<group>"; };
		D88F90F215BBE2B3008936F2 /* endianness.h */ = {isa = PBXFileReference; fileEncoding = 4; lastKnownFileType = sourcecode.c.h; path = endianness.h; sourceTree = "<group>"; };
		D88F90F315BBE2B3008936F2 /* environ.h */ = {isa = PBXFileReference; fileEncoding = 4; lastKnownFileType = sourcecode.c.h; path = environ.h; sourceTree = "<group>"; };
		D88F90F415BBE2B3008936F2 /* freetype.h */ = {isa = PBXFileReference; fileEncoding = 4; lastKnownFileType = sourcecode.c.h; path = freetype.h; sourceTree = "<group>"; };
		D88F90F515BBE2B3008936F2 /* gplot.h */ = {isa = PBXFileReference; fileEncoding = 4; lastKnownFileType = sourcecode.c.h; path = gplot.h; sourceTree = "<group>"; };
		D88F90F615BBE2B3008936F2 /* heap.h */ = {isa = PBXFileReference; fileEncoding = 4; lastKnownFileType = sourcecode.c.h; path = heap.h; sourceTree = "<group>"; };
		D88F90F715BBE2B3008936F2 /* imageio.h */ = {isa = PBXFileReference; fileEncoding = 4; lastKnownFileType = sourcecode.c.h; path = imageio.h; sourceTree = "<group>"; };
		D88F90F815BBE2B3008936F2 /* jbclass.h */ = {isa = PBXFileReference; fileEncoding = 4; lastKnownFileType = sourcecode.c.h; path = jbclass.h; sourceTree = "<group>"; };
		D88F90F915BBE2B3008936F2 /* leptprotos.h */ = {isa = PBXFileReference; fileEncoding = 4; lastKnownFileType = sourcecode.c.h; path = leptprotos.h; sourceTree = "<group>"; };
		D88F90FA15BBE2B3008936F2 /* leptwin.h */ = {isa = PBXFileReference; fileEncoding = 4; lastKnownFileType = sourcecode.c.h; path = leptwin.h; sourceTree = "<group>"; };
		D88F90FB15BBE2B3008936F2 /* list.h */ = {isa = PBXFileReference; fileEncoding = 4; lastKnownFileType = sourcecode.c.h; path = list.h; sourceTree = "<group>"; };
		D88F90FC15BBE2B3008936F2 /* morph.h */ = {isa = PBXFileReference; fileEncoding = 4; lastKnownFileType = sourcecode.c.h; path = morph.h; sourceTree = "<group>"; };
		D88F90FD15BBE2B3008936F2 /* pix.h */ = {isa = PBXFileReference; fileEncoding = 4; lastKnownFileType = sourcecode.c.h; path = pix.h; sourceTree = "<group>"; };
		D88F90FE15BBE2B3008936F2 /* ptra.h */ = {isa = PBXFileReference; fileEncoding = 4; lastKnownFileType = sourcecode.c.h; path = ptra.h; sourceTree = "<group>"; };
		D88F90FF15BBE2B3008936F2 /* queue.h */ = {isa = PBXFileReference; fileEncoding = 4; lastKnownFileType = sourcecode.c.h; path = queue.h; sourceTree = "<group>"; };
		D88F910015BBE2B3008936F2 /* readbarcode.h */ = {isa = PBXFileReference; fileEncoding = 4; lastKnownFileType = sourcecode.c.h; path = readbarcode.h; sourceTree = "<group>"; };
		D88F910115BBE2B3008936F2 /* regutils.h */ = {isa = PBXFileReference; fileEncoding = 4; lastKnownFileType = sourcecode.c.h; path = regutils.h; sourceTree = "<group>"; };
		D88F910215BBE2B3008936F2 /* stack.h */ = {isa = PBXFileReference; fileEncoding = 4; lastKnownFileType = sourcecode.c.h; path = stack.h; sourceTree = "<group>"; };
		D88F910315BBE2B3008936F2 /* sudoku.h */ = {isa = PBXFileReference; fileEncoding = 4; lastKnownFileType = sourcecode.c.h; path = sudoku.h; sourceTree = "<group>"; };
		D88F910415BBE2B3008936F2 /* watershed.h */ = {isa = PBXFileReference; fileEncoding = 4; lastKnownFileType = sourcecode.c.h; path = watershed.h; sourceTree = "<group>"; };
		D88F910615BBE2B3008936F2 /* apitypes.h */ = {isa = PBXFileReference; fileEncoding = 4; lastKnownFileType = sourcecode.c.h; path = apitypes.h; sourceTree = "<group>"; };
		D88F910715BBE2B3008936F2 /* baseapi.h */ = {isa = PBXFileReference; fileEncoding = 4; lastKnownFileType = sourcecode.c.h; path = baseapi.h; sourceTree = "<group>"; };
		D88F910815BBE2B3008936F2 /* errcode.h */ = {isa = PBXFileReference; fileEncoding = 4; lastKnownFileType = sourcecode.c.h; path = errcode.h; sourceTree = "<group>"; };
		D88F910915BBE2B3008936F2 /* genericvector.h */ = {isa = PBXFileReference; fileEncoding = 4; lastKnownFileType = sourcecode.c.h; path = genericvector.h; sourceTree = "<group>"; };
		D88F910A15BBE2B3008936F2 /* helpers.h */ = {isa = PBXFileReference; fileEncoding = 4; lastKnownFileType = sourcecode.c.h; path = helpers.h; sourceTree = "<group>"; };
		D88F910B15BBE2B3008936F2 /* host.h */ = {isa = PBXFileReference; fileEncoding = 4; lastKnownFileType = sourcecode.c.h; path = host.h; sourceTree = "<group>"; };
		D88F910C15BBE2B3008936F2 /* ndminx.h */ = {isa = PBXFileReference; fileEncoding = 4; lastKnownFileType = sourcecode.c.h; path = ndminx.h; sourceTree = "<group>"; };
		D88F910D15BBE2B3008936F2 /* ocrclass.h */ = {isa = PBXFileReference; fileEncoding = 4; lastKnownFileType = sourcecode.c.h; path = ocrclass.h; sourceTree = "<group>"; };
		D88F910E15BBE2B3008936F2 /* platform.h */ = {isa = PBXFileReference; fileEncoding = 4; lastKnownFileType = sourcecode.c.h; path = platform.h; sourceTree = "<group>"; };
		D88F910F15BBE2B3008936F2 /* publictypes.h */ = {isa = PBXFileReference; fileEncoding = 4; lastKnownFileType = sourcecode.c.h; path = publictypes.h; sourceTree = "<group>"; };
		D88F911015BBE2B3008936F2 /* tesscallback.h */ = {isa = PBXFileReference; fileEncoding = 4; lastKnownFileType = sourcecode.c.h; path = tesscallback.h; sourceTree = "<group>"; };
		D88F911115BBE2B3008936F2 /* thresholder.h */ = {isa = PBXFileReference; fileEncoding = 4; lastKnownFileType = sourcecode.c.h; path = thresholder.h; sourceTree = "<group>"; };
		D88F911215BBE2B3008936F2 /* unichar.h */ = {isa = PBXFileReference; fileEncoding = 4; lastKnownFileType = sourcecode.c.h; path = unichar.h; sourceTree = "<group>"; };
		D88F911415BBE2B3008936F2 /* liblept.a */ = {isa = PBXFileReference; lastKnownFileType = archive.ar; path = liblept.a; sourceTree = "<group>"; };
		D88F911515BBE2B3008936F2 /* libtesseract_all.a */ = {isa = PBXFileReference; lastKnownFileType = archive.ar; path = libtesseract_all.a; sourceTree = "<group>"; };
		D88F912615BC01F6008936F2 /* tessdata */ = {isa = PBXFileReference; lastKnownFileType = folder; path = tessdata; sourceTree = "<group>"; };
		D8939E9615BB51FB0016AF67 /* CameraController.h */ = {isa = PBXFileReference; fileEncoding = 4; lastKnownFileType = sourcecode.c.h; path = CameraController.h; sourceTree = "<group>"; };
		D8939E9715BB51FB0016AF67 /* CameraController.mm */ = {isa = PBXFileReference; fileEncoding = 4; lastKnownFileType = sourcecode.cpp.objcpp; path = CameraController.mm; sourceTree = "<group>"; };
		D8939E9A15BB6E530016AF67 /* MobileCoreServices.framework */ = {isa = PBXFileReference; lastKnownFileType = wrapper.framework; name = MobileCoreServices.framework; path = System/Library/Frameworks/MobileCoreServices.framework; sourceTree = SDKROOT; };
/* End PBXFileReference section */

/* Begin PBXFrameworksBuildPhase section */
		A75B8D8615BB3143005D9719 /* Frameworks */ = {
			isa = PBXFrameworksBuildPhase;
			buildActionMask = 2147483647;
			files = (
				D88F90DB15BBDC9C008936F2 /* MediaPlayer.framework in Frameworks */,
				A77A769215BB87A000A8D57E /* Security.framework in Frameworks */,
				A77A768F15BB879A00A8D57E /* SystemConfiguration.framework in Frameworks */,
				D8939E9B15BB6E530016AF67 /* MobileCoreServices.framework in Frameworks */,
				A75B8D8E15BB3143005D9719 /* UIKit.framework in Frameworks */,
				A75B8D9015BB3143005D9719 /* Foundation.framework in Frameworks */,
				A75B8D9215BB3143005D9719 /* CoreGraphics.framework in Frameworks */,
				A75B8D9415BB3143005D9719 /* CoreData.framework in Frameworks */,
				D88F911615BBE2B3008936F2 /* liblept.a in Frameworks */,
				D88F911815BBE2B3008936F2 /* libtesseract_all.a in Frameworks */,
			);
			runOnlyForDeploymentPostprocessing = 0;
		};
		A75B8DAE15BB3143005D9719 /* Frameworks */ = {
			isa = PBXFrameworksBuildPhase;
			buildActionMask = 2147483647;
			files = (
				A75B8DB415BB3143005D9719 /* SenTestingKit.framework in Frameworks */,
				A75B8DB515BB3143005D9719 /* UIKit.framework in Frameworks */,
				A75B8DB615BB3143005D9719 /* Foundation.framework in Frameworks */,
				A75B8DB715BB3143005D9719 /* CoreData.framework in Frameworks */,
				D88F911715BBE2B3008936F2 /* liblept.a in Frameworks */,
				D88F911915BBE2B3008936F2 /* libtesseract_all.a in Frameworks */,
			);
			runOnlyForDeploymentPostprocessing = 0;
		};
/* End PBXFrameworksBuildPhase section */

/* Begin PBXGroup section */
		A75B8D7E15BB3142005D9719 = {
			isa = PBXGroup;
			children = (
				A75B8D9515BB3143005D9719 /* iosdevcamp2012 */,
				A75B8DBA15BB3143005D9719 /* iosdevcamp2012Tests */,
				A75B8D8C15BB3143005D9719 /* Frameworks */,
				A75B8D8A15BB3143005D9719 /* Products */,
			);
			sourceTree = "<group>";
		};
		A75B8D8A15BB3143005D9719 /* Products */ = {
			isa = PBXGroup;
			children = (
				A75B8D8915BB3143005D9719 /* iosdevcamp2012.app */,
				A75B8DB215BB3143005D9719 /* iosdevcamp2012Tests.octest */,
			);
			name = Products;
			sourceTree = "<group>";
		};
		A75B8D8C15BB3143005D9719 /* Frameworks */ = {
			isa = PBXGroup;
			children = (
				D88F90DA15BBDC9C008936F2 /* MediaPlayer.framework */,
				A77A769115BB87A000A8D57E /* Security.framework */,
				A77A768E15BB879A00A8D57E /* SystemConfiguration.framework */,
				D8939E9A15BB6E530016AF67 /* MobileCoreServices.framework */,
				A75B8D8D15BB3143005D9719 /* UIKit.framework */,
				A75B8D8F15BB3143005D9719 /* Foundation.framework */,
				A75B8D9115BB3143005D9719 /* CoreGraphics.framework */,
				A75B8D9315BB3143005D9719 /* CoreData.framework */,
				A75B8DB315BB3143005D9719 /* SenTestingKit.framework */,
			);
			name = Frameworks;
			sourceTree = "<group>";
		};
		A75B8D9515BB3143005D9719 /* iosdevcamp2012 */ = {
			isa = PBXGroup;
			children = (
				D88F912615BC01F6008936F2 /* tessdata */,
				D88F90E615BBE2B3008936F2 /* dependencies */,
				A7B5ABAA15BB99C3007878B6 /* Singly */,
				A75B8D9E15BB3143005D9719 /* AppDelegate.h */,
				A75B8D9F15BB3143005D9719 /* AppDelegate.m */,
				A75B8DA115BB3143005D9719 /* MainStoryboard.storyboard */,
				A7B5ABB715BB9F5A007878B6 /* TextTableViewController.h */,
				A7B5ABB815BB9F5A007878B6 /* TextTableViewController.m */,
				A736514F15BC048E001D6890 /* TextDetailViewController.h */,
				A736515015BC048E001D6890 /* TextDetailViewController.m */,
				A75B8DA715BB3143005D9719 /* MainViewController.h */,
				A75B8DA815BB3143005D9719 /* MainViewController.m */,
				D8939E9615BB51FB0016AF67 /* CameraController.h */,
				D8939E9715BB51FB0016AF67 /* CameraController.mm */,
				A75B8DAA15BB3143005D9719 /* FlipsideViewController.h */,
				A75B8DAB15BB3143005D9719 /* FlipsideViewController.m */,
				A75B8DA415BB3143005D9719 /* iosdevcamp2012.xcdatamodeld */,
				A7FCCAB915BBD2C700E248D5 /* TextEntry.h */,
				A7FCCABA15BBD2C700E248D5 /* TextEntry.m */,
				A7FCCAB515BBD2B800E248D5 /* Session.h */,
				A7FCCAB615BBD2B800E248D5 /* Session.m */,
				A7B7179315BC6BDB00294E15 /* Resources */,
				A75B8D9615BB3143005D9719 /* Supporting Files */,
			);
			path = iosdevcamp2012;
			sourceTree = "<group>";
		};
		A75B8D9615BB3143005D9719 /* Supporting Files */ = {
			isa = PBXGroup;
			children = (
				A75B8D9715BB3143005D9719 /* iosdevcamp2012-Info.plist */,
				A75B8D9815BB3143005D9719 /* InfoPlist.strings */,
				A75B8D9B15BB3143005D9719 /* main.m */,
				A75B8D9D15BB3143005D9719 /* iosdevcamp2012-Prefix.pch */,
			);
			name = "Supporting Files";
			sourceTree = "<group>";
		};
		A75B8DBA15BB3143005D9719 /* iosdevcamp2012Tests */ = {
			isa = PBXGroup;
			children = (
				A75B8DC015BB3143005D9719 /* iosdevcamp2012Tests.h */,
				A75B8DC115BB3143005D9719 /* iosdevcamp2012Tests.m */,
				A75B8DBB15BB3143005D9719 /* Supporting Files */,
			);
			path = iosdevcamp2012Tests;
			sourceTree = "<group>";
		};
		A75B8DBB15BB3143005D9719 /* Supporting Files */ = {
			isa = PBXGroup;
			children = (
				A75B8DBC15BB3143005D9719 /* iosdevcamp2012Tests-Info.plist */,
				A75B8DBD15BB3143005D9719 /* InfoPlist.strings */,
			);
			name = "Supporting Files";
			sourceTree = "<group>";
		};
		A7B5ABAA15BB99C3007878B6 /* Singly */ = {
			isa = PBXGroup;
			children = (
				A7B5ABAB15BB99CE007878B6 /* Oauth2 */,
			);
			name = Singly;
			sourceTree = "<group>";
		};
		A7B5ABAB15BB99CE007878B6 /* Oauth2 */ = {
			isa = PBXGroup;
			children = (
				A7B5AB9B15BB99AE007878B6 /* GTMHTTPFetcher.h */,
				A7B5AB9C15BB99AE007878B6 /* GTMHTTPFetcher.m */,
				A7B5AB9D15BB99AE007878B6 /* GTMOAuth2Authentication.h */,
				A7B5AB9E15BB99AE007878B6 /* GTMOAuth2Authentication.m */,
				A7B5AB9F15BB99AE007878B6 /* GTMOAuth2SignIn.h */,
				A7B5ABA015BB99AE007878B6 /* GTMOAuth2SignIn.m */,
				A7B5ABA115BB99AE007878B6 /* GTMOAuth2ViewControllerTouch.h */,
				A7B5ABA215BB99AE007878B6 /* GTMOAuth2ViewControllerTouch.m */,
				A7B5ABA315BB99AE007878B6 /* GTMOAuth2ViewTouch.xib */,
			);
			name = Oauth2;
			sourceTree = "<group>";
		};
		A7B7179315BC6BDB00294E15 /* Resources */ = {
			isa = PBXGroup;
			children = (
				A741A08415BC8291003CEFD0 /* Default@2x.png */,
				A741A08115BC81F6003CEFD0 /* Default.png */,
				A7B7179115BC6BBF00294E15 /* Icon@2x.png */,
				A7B7178F15BC6BB400294E15 /* Icon.png */,
				A736514B15BC0235001D6890 /* twitter-bird-white-on-blue.png */,
			);
			name = Resources;
			sourceTree = "<group>";
		};
		D88F90E615BBE2B3008936F2 /* dependencies */ = {
			isa = PBXGroup;
			children = (
				D88F90E715BBE2B3008936F2 /* include */,
				D88F911315BBE2B3008936F2 /* lib */,
			);
			path = dependencies;
			sourceTree = "<group>";
		};
		D88F90E715BBE2B3008936F2 /* include */ = {
			isa = PBXGroup;
			children = (
				D88F90E815BBE2B3008936F2 /* leptonica */,
				D88F910515BBE2B3008936F2 /* tesseract */,
			);
			path = include;
			sourceTree = "<group>";
		};
		D88F90E815BBE2B3008936F2 /* leptonica */ = {
			isa = PBXGroup;
			children = (
				D88F90E915BBE2B3008936F2 /* allheaders.h */,
				D88F90EA15BBE2B3008936F2 /* alltypes.h */,
				D88F90EB15BBE2B3008936F2 /* array.h */,
				D88F90EC15BBE2B3008936F2 /* arrayaccess.h */,
				D88F90ED15BBE2B3008936F2 /* bbuffer.h */,
				D88F90EE15BBE2B3008936F2 /* bmf.h */,
				D88F90EF15BBE2B3008936F2 /* bmp.h */,
				D88F90F015BBE2B3008936F2 /* ccbord.h */,
				D88F90F115BBE2B3008936F2 /* dewarp.h */,
				D88F90F215BBE2B3008936F2 /* endianness.h */,
				D88F90F315BBE2B3008936F2 /* environ.h */,
				D88F90F415BBE2B3008936F2 /* freetype.h */,
				D88F90F515BBE2B3008936F2 /* gplot.h */,
				D88F90F615BBE2B3008936F2 /* heap.h */,
				D88F90F715BBE2B3008936F2 /* imageio.h */,
				D88F90F815BBE2B3008936F2 /* jbclass.h */,
				D88F90F915BBE2B3008936F2 /* leptprotos.h */,
				D88F90FA15BBE2B3008936F2 /* leptwin.h */,
				D88F90FB15BBE2B3008936F2 /* list.h */,
				D88F90FC15BBE2B3008936F2 /* morph.h */,
				D88F90FD15BBE2B3008936F2 /* pix.h */,
				D88F90FE15BBE2B3008936F2 /* ptra.h */,
				D88F90FF15BBE2B3008936F2 /* queue.h */,
				D88F910015BBE2B3008936F2 /* readbarcode.h */,
				D88F910115BBE2B3008936F2 /* regutils.h */,
				D88F910215BBE2B3008936F2 /* stack.h */,
				D88F910315BBE2B3008936F2 /* sudoku.h */,
				D88F910415BBE2B3008936F2 /* watershed.h */,
			);
			path = leptonica;
			sourceTree = "<group>";
		};
		D88F910515BBE2B3008936F2 /* tesseract */ = {
			isa = PBXGroup;
			children = (
				D88F910615BBE2B3008936F2 /* apitypes.h */,
				D88F910715BBE2B3008936F2 /* baseapi.h */,
				D88F910815BBE2B3008936F2 /* errcode.h */,
				D88F910915BBE2B3008936F2 /* genericvector.h */,
				D88F910A15BBE2B3008936F2 /* helpers.h */,
				D88F910B15BBE2B3008936F2 /* host.h */,
				D88F910C15BBE2B3008936F2 /* ndminx.h */,
				D88F910D15BBE2B3008936F2 /* ocrclass.h */,
				D88F910E15BBE2B3008936F2 /* platform.h */,
				D88F910F15BBE2B3008936F2 /* publictypes.h */,
				D88F911015BBE2B3008936F2 /* tesscallback.h */,
				D88F911115BBE2B3008936F2 /* thresholder.h */,
				D88F911215BBE2B3008936F2 /* unichar.h */,
			);
			path = tesseract;
			sourceTree = "<group>";
		};
		D88F911315BBE2B3008936F2 /* lib */ = {
			isa = PBXGroup;
			children = (
				D88F911415BBE2B3008936F2 /* liblept.a */,
				D88F911515BBE2B3008936F2 /* libtesseract_all.a */,
			);
			path = lib;
			sourceTree = "<group>";
		};
/* End PBXGroup section */

/* Begin PBXNativeTarget section */
		A75B8D8815BB3143005D9719 /* iosdevcamp2012 */ = {
			isa = PBXNativeTarget;
			buildConfigurationList = A75B8DC515BB3143005D9719 /* Build configuration list for PBXNativeTarget "iosdevcamp2012" */;
			buildPhases = (
				A75B8D8515BB3143005D9719 /* Sources */,
				A75B8D8615BB3143005D9719 /* Frameworks */,
				A75B8D8715BB3143005D9719 /* Resources */,
			);
			buildRules = (
			);
			dependencies = (
			);
			name = iosdevcamp2012;
			productName = iosdevcamp2012;
			productReference = A75B8D8915BB3143005D9719 /* iosdevcamp2012.app */;
			productType = "com.apple.product-type.application";
		};
		A75B8DB115BB3143005D9719 /* iosdevcamp2012Tests */ = {
			isa = PBXNativeTarget;
			buildConfigurationList = A75B8DC815BB3143005D9719 /* Build configuration list for PBXNativeTarget "iosdevcamp2012Tests" */;
			buildPhases = (
				A75B8DAD15BB3143005D9719 /* Sources */,
				A75B8DAE15BB3143005D9719 /* Frameworks */,
				A75B8DAF15BB3143005D9719 /* Resources */,
				A75B8DB015BB3143005D9719 /* ShellScript */,
			);
			buildRules = (
			);
			dependencies = (
				A75B8DB915BB3143005D9719 /* PBXTargetDependency */,
			);
			name = iosdevcamp2012Tests;
			productName = iosdevcamp2012Tests;
			productReference = A75B8DB215BB3143005D9719 /* iosdevcamp2012Tests.octest */;
			productType = "com.apple.product-type.bundle";
		};
/* End PBXNativeTarget section */

/* Begin PBXProject section */
		A75B8D8015BB3142005D9719 /* Project object */ = {
			isa = PBXProject;
			attributes = {
				LastUpgradeCheck = 0420;
				ORGANIZATIONNAME = "Millennial Media";
			};
			buildConfigurationList = A75B8D8315BB3142005D9719 /* Build configuration list for PBXProject "iosdevcamp2012" */;
			compatibilityVersion = "Xcode 3.2";
			developmentRegion = English;
			hasScannedForEncodings = 0;
			knownRegions = (
				en,
			);
			mainGroup = A75B8D7E15BB3142005D9719;
			productRefGroup = A75B8D8A15BB3143005D9719 /* Products */;
			projectDirPath = "";
			projectRoot = "";
			targets = (
				A75B8D8815BB3143005D9719 /* iosdevcamp2012 */,
				A75B8DB115BB3143005D9719 /* iosdevcamp2012Tests */,
			);
		};
/* End PBXProject section */

/* Begin PBXResourcesBuildPhase section */
		A75B8D8715BB3143005D9719 /* Resources */ = {
			isa = PBXResourcesBuildPhase;
			buildActionMask = 2147483647;
			files = (
				A75B8D9A15BB3143005D9719 /* InfoPlist.strings in Resources */,
				A75B8DA315BB3143005D9719 /* MainStoryboard.storyboard in Resources */,
				A7B5ABA815BB99AE007878B6 /* GTMOAuth2ViewTouch.xib in Resources */,
				D88F912715BC01F6008936F2 /* tessdata in Resources */,
				A736514C15BC0235001D6890 /* twitter-bird-white-on-blue.png in Resources */,
				A7B7179015BC6BB400294E15 /* Icon.png in Resources */,
				A7B7179215BC6BBF00294E15 /* Icon@2x.png in Resources */,
				A741A08315BC8287003CEFD0 /* Default.png in Resources */,
				A741A08515BC8291003CEFD0 /* Default@2x.png in Resources */,
			);
			runOnlyForDeploymentPostprocessing = 0;
		};
		A75B8DAF15BB3143005D9719 /* Resources */ = {
			isa = PBXResourcesBuildPhase;
			buildActionMask = 2147483647;
			files = (
				A75B8DBF15BB3143005D9719 /* InfoPlist.strings in Resources */,
				D88F912815BC01F6008936F2 /* tessdata in Resources */,
			);
			runOnlyForDeploymentPostprocessing = 0;
		};
/* End PBXResourcesBuildPhase section */

/* Begin PBXShellScriptBuildPhase section */
		A75B8DB015BB3143005D9719 /* ShellScript */ = {
			isa = PBXShellScriptBuildPhase;
			buildActionMask = 2147483647;
			files = (
			);
			inputPaths = (
			);
			outputPaths = (
			);
			runOnlyForDeploymentPostprocessing = 0;
			shellPath = /bin/sh;
			shellScript = "# Run the unit tests in this test bundle.\n\"${SYSTEM_DEVELOPER_DIR}/Tools/RunUnitTests\"\n";
		};
/* End PBXShellScriptBuildPhase section */

/* Begin PBXSourcesBuildPhase section */
		A75B8D8515BB3143005D9719 /* Sources */ = {
			isa = PBXSourcesBuildPhase;
			buildActionMask = 2147483647;
			files = (
				A75B8D9C15BB3143005D9719 /* main.m in Sources */,
				A75B8DA015BB3143005D9719 /* AppDelegate.m in Sources */,
				A75B8DA615BB3143005D9719 /* iosdevcamp2012.xcdatamodeld in Sources */,
				A75B8DA915BB3143005D9719 /* MainViewController.m in Sources */,
				A75B8DAC15BB3143005D9719 /* FlipsideViewController.m in Sources */,
				D8939E9815BB51FB0016AF67 /* CameraController.mm in Sources */,
				A7B5ABA415BB99AE007878B6 /* GTMHTTPFetcher.m in Sources */,
				A7B5ABA515BB99AE007878B6 /* GTMOAuth2Authentication.m in Sources */,
				A7B5ABA615BB99AE007878B6 /* GTMOAuth2SignIn.m in Sources */,
				A7B5ABA715BB99AE007878B6 /* GTMOAuth2ViewControllerTouch.m in Sources */,
				A7B5ABB915BB9F5A007878B6 /* TextTableViewController.m in Sources */,
				A7FCCAB715BBD2B800E248D5 /* Session.m in Sources */,
				A7FCCABB15BBD2C700E248D5 /* TextEntry.m in Sources */,
				A736515115BC048E001D6890 /* TextDetailViewController.m in Sources */,
			);
			runOnlyForDeploymentPostprocessing = 0;
		};
		A75B8DAD15BB3143005D9719 /* Sources */ = {
			isa = PBXSourcesBuildPhase;
			buildActionMask = 2147483647;
			files = (
				A75B8DC215BB3143005D9719 /* iosdevcamp2012Tests.m in Sources */,
				D8939E9915BB51FB0016AF67 /* CameraController.mm in Sources */,
			);
			runOnlyForDeploymentPostprocessing = 0;
		};
/* End PBXSourcesBuildPhase section */

/* Begin PBXTargetDependency section */
		A75B8DB915BB3143005D9719 /* PBXTargetDependency */ = {
			isa = PBXTargetDependency;
			target = A75B8D8815BB3143005D9719 /* iosdevcamp2012 */;
			targetProxy = A75B8DB815BB3143005D9719 /* PBXContainerItemProxy */;
		};
/* End PBXTargetDependency section */

/* Begin PBXVariantGroup section */
		A75B8D9815BB3143005D9719 /* InfoPlist.strings */ = {
			isa = PBXVariantGroup;
			children = (
				A75B8D9915BB3143005D9719 /* en */,
			);
			name = InfoPlist.strings;
			sourceTree = "<group>";
		};
		A75B8DA115BB3143005D9719 /* MainStoryboard.storyboard */ = {
			isa = PBXVariantGroup;
			children = (
				A75B8DA215BB3143005D9719 /* en */,
			);
			name = MainStoryboard.storyboard;
			sourceTree = "<group>";
		};
		A75B8DBD15BB3143005D9719 /* InfoPlist.strings */ = {
			isa = PBXVariantGroup;
			children = (
				A75B8DBE15BB3143005D9719 /* en */,
			);
			name = InfoPlist.strings;
			sourceTree = "<group>";
		};
/* End PBXVariantGroup section */

/* Begin XCBuildConfiguration section */
		A75B8DC315BB3143005D9719 /* Debug */ = {
			isa = XCBuildConfiguration;
			buildSettings = {
				ALWAYS_SEARCH_USER_PATHS = NO;
				ARCHS = "$(ARCHS_STANDARD_32_BIT)";
				CLANG_ENABLE_OBJC_ARC = YES;
				"CODE_SIGN_IDENTITY[sdk=iphoneos*]" = "iPhone Developer";
				COPY_PHASE_STRIP = NO;
				GCC_C_LANGUAGE_STANDARD = gnu99;
				GCC_DYNAMIC_NO_PIC = NO;
				GCC_OPTIMIZATION_LEVEL = 0;
				GCC_PREPROCESSOR_DEFINITIONS = (
					"DEBUG=1",
					"$(inherited)",
				);
				GCC_SYMBOLS_PRIVATE_EXTERN = NO;
				GCC_VERSION = com.apple.compilers.llvm.clang.1_0;
				GCC_WARN_ABOUT_MISSING_PROTOTYPES = YES;
				GCC_WARN_ABOUT_RETURN_TYPE = YES;
				GCC_WARN_UNUSED_VARIABLE = YES;
				IPHONEOS_DEPLOYMENT_TARGET = 5.0;
				SDKROOT = iphoneos;
			};
			name = Debug;
		};
		A75B8DC415BB3143005D9719 /* Release */ = {
			isa = XCBuildConfiguration;
			buildSettings = {
				ALWAYS_SEARCH_USER_PATHS = NO;
				ARCHS = "$(ARCHS_STANDARD_32_BIT)";
				CLANG_ENABLE_OBJC_ARC = YES;
				"CODE_SIGN_IDENTITY[sdk=iphoneos*]" = "iPhone Developer";
				COPY_PHASE_STRIP = YES;
				GCC_C_LANGUAGE_STANDARD = gnu99;
				GCC_VERSION = com.apple.compilers.llvm.clang.1_0;
				GCC_WARN_ABOUT_MISSING_PROTOTYPES = YES;
				GCC_WARN_ABOUT_RETURN_TYPE = YES;
				GCC_WARN_UNUSED_VARIABLE = YES;
				IPHONEOS_DEPLOYMENT_TARGET = 5.0;
				OTHER_CFLAGS = "-DNS_BLOCK_ASSERTIONS=1";
				SDKROOT = iphoneos;
				VALIDATE_PRODUCT = YES;
			};
			name = Release;
		};
		A75B8DC615BB3143005D9719 /* Debug */ = {
			isa = XCBuildConfiguration;
			buildSettings = {
				COPYING_PRESERVES_HFS_DATA = NO;
				GCC_PRECOMPILE_PREFIX_HEADER = YES;
				GCC_PREFIX_HEADER = "iosdevcamp2012/iosdevcamp2012-Prefix.pch";
				INFOPLIST_FILE = "iosdevcamp2012/iosdevcamp2012-Info.plist";
				LIBRARY_SEARCH_PATHS = (
					"$(inherited)",
					"\"$(SRCROOT)/iosdevcamp2012\"",
					"\"$(SRCROOT)/iosdevcamp2012/dependencies/lib\"",
				);
				PRODUCT_NAME = "$(TARGET_NAME)";
				WRAPPER_EXTENSION = app;
			};
			name = Debug;
		};
		A75B8DC715BB3143005D9719 /* Release */ = {
			isa = XCBuildConfiguration;
			buildSettings = {
				COPYING_PRESERVES_HFS_DATA = NO;
				GCC_PRECOMPILE_PREFIX_HEADER = YES;
				GCC_PREFIX_HEADER = "iosdevcamp2012/iosdevcamp2012-Prefix.pch";
				INFOPLIST_FILE = "iosdevcamp2012/iosdevcamp2012-Info.plist";
				LIBRARY_SEARCH_PATHS = (
					"$(inherited)",
					"\"$(SRCROOT)/iosdevcamp2012\"",
					"\"$(SRCROOT)/iosdevcamp2012/dependencies/lib\"",
				);
				PRODUCT_NAME = "$(TARGET_NAME)";
				WRAPPER_EXTENSION = app;
			};
			name = Release;
		};
		A75B8DC915BB3143005D9719 /* Debug */ = {
			isa = XCBuildConfiguration;
			buildSettings = {
				BUNDLE_LOADER = "$(BUILT_PRODUCTS_DIR)/iosdevcamp2012.app/iosdevcamp2012";
				FRAMEWORK_SEARCH_PATHS = (
					"$(SDKROOT)/Developer/Library/Frameworks",
					"$(DEVELOPER_LIBRARY_DIR)/Frameworks",
				);
				GCC_PRECOMPILE_PREFIX_HEADER = YES;
				GCC_PREFIX_HEADER = "iosdevcamp2012/iosdevcamp2012-Prefix.pch";
				INFOPLIST_FILE = "iosdevcamp2012Tests/iosdevcamp2012Tests-Info.plist";
				LIBRARY_SEARCH_PATHS = (
					"$(inherited)",
					"\"$(SRCROOT)/iosdevcamp2012\"",
					"\"$(SRCROOT)/iosdevcamp2012/dependencies/lib\"",
				);
				PRODUCT_NAME = "$(TARGET_NAME)";
				TEST_HOST = "$(BUNDLE_LOADER)";
				WRAPPER_EXTENSION = octest;
			};
			name = Debug;
		};
		A75B8DCA15BB3143005D9719 /* Release */ = {
			isa = XCBuildConfiguration;
			buildSettings = {
				BUNDLE_LOADER = "$(BUILT_PRODUCTS_DIR)/iosdevcamp2012.app/iosdevcamp2012";
				FRAMEWORK_SEARCH_PATHS = (
					"$(SDKROOT)/Developer/Library/Frameworks",
					"$(DEVELOPER_LIBRARY_DIR)/Frameworks",
				);
				GCC_PRECOMPILE_PREFIX_HEADER = YES;
				GCC_PREFIX_HEADER = "iosdevcamp2012/iosdevcamp2012-Prefix.pch";
				INFOPLIST_FILE = "iosdevcamp2012Tests/iosdevcamp2012Tests-Info.plist";
				LIBRARY_SEARCH_PATHS = (
					"$(inherited)",
					"\"$(SRCROOT)/iosdevcamp2012\"",
					"\"$(SRCROOT)/iosdevcamp2012/dependencies/lib\"",
				);
				PRODUCT_NAME = "$(TARGET_NAME)";
				TEST_HOST = "$(BUNDLE_LOADER)";
				WRAPPER_EXTENSION = octest;
			};
			name = Release;
		};
/* End XCBuildConfiguration section */

/* Begin XCConfigurationList section */
		A75B8D8315BB3142005D9719 /* Build configuration list for PBXProject "iosdevcamp2012" */ = {
			isa = XCConfigurationList;
			buildConfigurations = (
				A75B8DC315BB3143005D9719 /* Debug */,
				A75B8DC415BB3143005D9719 /* Release */,
			);
			defaultConfigurationIsVisible = 0;
			defaultConfigurationName = Release;
		};
		A75B8DC515BB3143005D9719 /* Build configuration list for PBXNativeTarget "iosdevcamp2012" */ = {
			isa = XCConfigurationList;
			buildConfigurations = (
				A75B8DC615BB3143005D9719 /* Debug */,
				A75B8DC715BB3143005D9719 /* Release */,
			);
			defaultConfigurationIsVisible = 0;
			defaultConfigurationName = Release;
		};
		A75B8DC815BB3143005D9719 /* Build configuration list for PBXNativeTarget "iosdevcamp2012Tests" */ = {
			isa = XCConfigurationList;
			buildConfigurations = (
				A75B8DC915BB3143005D9719 /* Debug */,
				A75B8DCA15BB3143005D9719 /* Release */,
			);
			defaultConfigurationIsVisible = 0;
			defaultConfigurationName = Release;
		};
/* End XCConfigurationList section */

/* Begin XCVersionGroup section */
		A75B8DA415BB3143005D9719 /* iosdevcamp2012.xcdatamodeld */ = {
			isa = XCVersionGroup;
			children = (
				A75B8DA515BB3143005D9719 /* iosdevcamp2012.xcdatamodel */,
			);
			currentVersion = A75B8DA515BB3143005D9719 /* iosdevcamp2012.xcdatamodel */;
			path = iosdevcamp2012.xcdatamodeld;
			sourceTree = "<group>";
			versionGroupType = wrapper.xcdatamodel;
		};
/* End XCVersionGroup section */
	};
	rootObject = A75B8D8015BB3142005D9719 /* Project object */;
}
